
Microsoft Visual Studio Solution File, Format Version 12.00
Project("{FAE04EC0-301F-11D3-BF4B-00C04F79EFBC}") = "KafkaDemo.Producer", "KafkaDemo.Producer\KafkaDemo.Producer.csproj", "{F11A38C7-E8FC-434B-BE12-9AC82D247213}"
EndProject
Project("{FAE04EC0-301F-11D3-BF4B-00C04F79EFBC}") = "KafkaDemo.Consumer", "KafkaDemo.Consumer\KafkaDemo.Consumer.csproj", "{D607BD97-0957-4CE1-8243-793F100C7A7E}"
EndProject
Global
	GlobalSection(SolutionConfigurationPlatforms) = preSolution
		Debug|Any CPU = Debug|Any CPU
		Release|Any CPU = Release|Any CPU
	EndGlobalSection
	GlobalSection(ProjectConfigurationPlatforms) = postSolution
		{F11A38C7-E8FC-434B-BE12-9AC82D247213}.Debug|Any CPU.ActiveCfg = Debug|Any CPU
		{F11A38C7-E8FC-434B-BE12-9AC82D247213}.Debug|Any CPU.Build.0 = Debug|Any CPU
		{F11A38C7-E8FC-434B-BE12-9AC82D247213}.Release|Any CPU.ActiveCfg = Release|Any CPU
		{F11A38C7-E8FC-434B-BE12-9AC82D247213}.Release|Any CPU.Build.0 = Release|Any CPU
		{D607BD97-0957-4CE1-8243-793F100C7A7E}.Debug|Any CPU.ActiveCfg = Debug|Any CPU
		{D607BD97-0957-4CE1-8243-793F100C7A7E}.Debug|Any CPU.Build.0 = Debug|Any CPU
		{D607BD97-0957-4CE1-8243-793F100C7A7E}.Release|Any CPU.ActiveCfg = Release|Any CPU
		{D607BD97-0957-4CE1-8243-793F100C7A7E}.Release|Any CPU.Build.0 = Release|Any CPU
	EndGlobalSection
EndGlobal
